
Microsoft Visual Studio Solution File, Format Version 12.00
# Visual Studio Version 17
VisualStudioVersion = 17.7.34024.191
MinimumVisualStudioVersion = 10.0.40219.1
Project("{9A19103F-16F7-4668-BE54-9A1E7A4F7556}") = "LoadBalancer", "LoadBalancer\LoadBalancer.csproj", "{974F9A7F-CD6A-46ED-8653-A4CCEF1633D4}"
EndProject
Project("{2150E333-8FDC-42A3-9474-1A3956D46DE8}") = "DAL", "DAL", "{52CA24B4-BACB-4BB3-8BE0-D093FD6B511E}"
EndProject
Project("{2150E333-8FDC-42A3-9474-1A3956D46DE8}") = "BLL", "BLL", "{F1600B78-F6EC-4085-B9DE-4CCB61E94C9C}"
EndProject
Project("{9A19103F-16F7-4668-BE54-9A1E7A4F7556}") = "LoadBalancer.DAL", "LoadBalancer.DAL\LoadBalancer.DAL.csproj", "{38E86DA0-0BC4-4244-AF21-2CE827F22B13}"
EndProject
Project("{9A19103F-16F7-4668-BE54-9A1E7A4F7556}") = "LoadBalancer.BLL", "LoadBalancer.BLL\LoadBalancer.BLL.csproj", "{A2DEC7F7-695D-412A-8207-A012E3D0FE82}"
EndProject
Project("{2150E333-8FDC-42A3-9474-1A3956D46DE8}") = "Domain", "Domain", "{E0FF3F26-408B-4BA7-8A20-734ADF290185}"
EndProject
Project("{9A19103F-16F7-4668-BE54-9A1E7A4F7556}") = "LoadBalancer.Domain", "LoadBalancer.Domain\LoadBalancer.Domain.csproj", "{B474EE90-B7C6-41E7-A243-F7A004CE195B}"
EndProject
Project("{FAE04EC0-301F-11D3-BF4B-00C04F79EFBC}") = "YARP", "..\YARP\YARP.csproj", "{DA488DDD-10EB-41A6-A888-C5E1DD3037FF}"
EndProject
Project("{FAE04EC0-301F-11D3-BF4B-00C04F79EFBC}") = "LoadBalancer1", "..\LoadBalancer1\LoadBalancer1.csproj", "{4A027959-C5C0-4E37-9649-9F52F31BA811}"
EndProject
Project("{FAE04EC0-301F-11D3-BF4B-00C04F79EFBC}") = "BackupServer", "..\BackupServer\BackupServer.csproj", "{306FA860-B449-4A44-9B44-E6C9E33CA058}"
EndProject
Project("{2150E333-8FDC-42A3-9474-1A3956D46DE8}") = "Servers", "Servers", "{73596195-3B55-40E0-99E5-C2431DC0B1DE}"
EndProject
Global
	GlobalSection(SolutionConfigurationPlatforms) = preSolution
		Debug|Any CPU = Debug|Any CPU
		Release|Any CPU = Release|Any CPU
	EndGlobalSection
	GlobalSection(ProjectConfigurationPlatforms) = postSolution
		{974F9A7F-CD6A-46ED-8653-A4CCEF1633D4}.Debug|Any CPU.ActiveCfg = Debug|Any CPU
		{974F9A7F-CD6A-46ED-8653-A4CCEF1633D4}.Debug|Any CPU.Build.0 = Debug|Any CPU
		{974F9A7F-CD6A-46ED-8653-A4CCEF1633D4}.Release|Any CPU.ActiveCfg = Release|Any CPU
		{974F9A7F-CD6A-46ED-8653-A4CCEF1633D4}.Release|Any CPU.Build.0 = Release|Any CPU
		{38E86DA0-0BC4-4244-AF21-2CE827F22B13}.Debug|Any CPU.ActiveCfg = Debug|Any CPU
		{38E86DA0-0BC4-4244-AF21-2CE827F22B13}.Debug|Any CPU.Build.0 = Debug|Any CPU
		{38E86DA0-0BC4-4244-AF21-2CE827F22B13}.Release|Any CPU.ActiveCfg = Release|Any CPU
		{38E86DA0-0BC4-4244-AF21-2CE827F22B13}.Release|Any CPU.Build.0 = Release|Any CPU
		{A2DEC7F7-695D-412A-8207-A012E3D0FE82}.Debug|Any CPU.ActiveCfg = Debug|Any CPU
		{A2DEC7F7-695D-412A-8207-A012E3D0FE82}.Debug|Any CPU.Build.0 = Debug|Any CPU
		{A2DEC7F7-695D-412A-8207-A012E3D0FE82}.Release|Any CPU.ActiveCfg = Release|Any CPU
		{A2DEC7F7-695D-412A-8207-A012E3D0FE82}.Release|Any CPU.Build.0 = Release|Any CPU
		{B474EE90-B7C6-41E7-A243-F7A004CE195B}.Debug|Any CPU.ActiveCfg = Debug|Any CPU
		{B474EE90-B7C6-41E7-A243-F7A004CE195B}.Debug|Any CPU.Build.0 = Debug|Any CPU
		{B474EE90-B7C6-41E7-A243-F7A004CE195B}.Release|Any CPU.ActiveCfg = Release|Any CPU
		{B474EE90-B7C6-41E7-A243-F7A004CE195B}.Release|Any CPU.Build.0 = Release|Any CPU
		{DA488DDD-10EB-41A6-A888-C5E1DD3037FF}.Debug|Any CPU.ActiveCfg = Debug|Any CPU
		{DA488DDD-10EB-41A6-A888-C5E1DD3037FF}.Debug|Any CPU.Build.0 = Debug|Any CPU
		{DA488DDD-10EB-41A6-A888-C5E1DD3037FF}.Release|Any CPU.ActiveCfg = Release|Any CPU
		{DA488DDD-10EB-41A6-A888-C5E1DD3037FF}.Release|Any CPU.Build.0 = Release|Any CPU
		{4A027959-C5C0-4E37-9649-9F52F31BA811}.Debug|Any CPU.ActiveCfg = Debug|Any CPU
		{4A027959-C5C0-4E37-9649-9F52F31BA811}.Debug|Any CPU.Build.0 = Debug|Any CPU
		{4A027959-C5C0-4E37-9649-9F52F31BA811}.Release|Any CPU.ActiveCfg = Release|Any CPU
		{4A027959-C5C0-4E37-9649-9F52F31BA811}.Release|Any CPU.Build.0 = Release|Any CPU
		{306FA860-B449-4A44-9B44-E6C9E33CA058}.Debug|Any CPU.ActiveCfg = Debug|Any CPU
		{306FA860-B449-4A44-9B44-E6C9E33CA058}.Debug|Any CPU.Build.0 = Debug|Any CPU
		{306FA860-B449-4A44-9B44-E6C9E33CA058}.Release|Any CPU.ActiveCfg = Release|Any CPU
		{306FA860-B449-4A44-9B44-E6C9E33CA058}.Release|Any CPU.Build.0 = Release|Any CPU
	EndGlobalSection
	GlobalSection(SolutionProperties) = preSolution
		HideSolutionNode = FALSE
	EndGlobalSection
	GlobalSection(NestedProjects) = preSolution
		{974F9A7F-CD6A-46ED-8653-A4CCEF1633D4} = {73596195-3B55-40E0-99E5-C2431DC0B1DE}
		{38E86DA0-0BC4-4244-AF21-2CE827F22B13} = {52CA24B4-BACB-4BB3-8BE0-D093FD6B511E}
		{A2DEC7F7-695D-412A-8207-A012E3D0FE82} = {F1600B78-F6EC-4085-B9DE-4CCB61E94C9C}
		{B474EE90-B7C6-41E7-A243-F7A004CE195B} = {E0FF3F26-408B-4BA7-8A20-734ADF290185}
		{DA488DDD-10EB-41A6-A888-C5E1DD3037FF} = {73596195-3B55-40E0-99E5-C2431DC0B1DE}
		{4A027959-C5C0-4E37-9649-9F52F31BA811} = {73596195-3B55-40E0-99E5-C2431DC0B1DE}
		{306FA860-B449-4A44-9B44-E6C9E33CA058} = {73596195-3B55-40E0-99E5-C2431DC0B1DE}
	EndGlobalSection
	GlobalSection(ExtensibilityGlobals) = postSolution
		SolutionGuid = {6D06402D-002B-4812-A255-07C300F854D7}
	EndGlobalSection
EndGlobal
